
Microsoft Visual Studio Solution File, Format Version 12.00
Project("{FAE04EC0-301F-11D3-BF4B-00C04F79EFBC}") = "SamlMdTool", "SamlMdTool\SamlMdTool.csproj", "{9718A1BA-0781-4ED3-A099-BDEE67FAFE04}"
EndProject
Global
	GlobalSection(SolutionConfigurationPlatforms) = preSolution
		Debug|Any CPU = Debug|Any CPU
		Release|Any CPU = Release|Any CPU
	EndGlobalSection
	GlobalSection(ProjectConfigurationPlatforms) = postSolution
		{9718A1BA-0781-4ED3-A099-BDEE67FAFE04}.Debug|Any CPU.ActiveCfg = Debug|Any CPU
		{9718A1BA-0781-4ED3-A099-BDEE67FAFE04}.Debug|Any CPU.Build.0 = Debug|Any CPU
		{9718A1BA-0781-4ED3-A099-BDEE67FAFE04}.Release|Any CPU.ActiveCfg = Release|Any CPU
		{9718A1BA-0781-4ED3-A099-BDEE67FAFE04}.Release|Any CPU.Build.0 = Release|Any CPU
	EndGlobalSection
EndGlobal
